<?xml version="1.0" encoding="utf-8"?>
<Project ToolsVersion="4.0" xmlns="http://schemas.microsoft.com/developer/msbuild/2003">
  <ItemGroup>
    <ClCompile Include="GameManager.cpp" />
    <ClCompile Include="NetworkHandler.cpp" />
    <ClCompile Include="Player.cpp" />
    <ClCompile Include="Source.cpp" />
    <ClCompile Include="Pattern_management.cpp" />
    <ClCompile Include="Shield.cpp" />
    <ClCompile Include="Trap.cpp" />
  </ItemGroup>
  <ItemGroup>
    <ClInclude Include="ConstantValues.h" />
    <ClInclude Include="GameManager.h" />
    <ClInclude Include="NetworkHandler.h" />
    <ClInclude Include="Player.h" />
    <ClInclude Include="Pattern_management.h" />
    <ClInclude Include="Shield.h" />
    <ClInclude Include="Trap.h" />
  </ItemGroup>
</Project>